{
    "_readme": [
        "This file locks the dependencies of your project to a known state",
        "Read more about it at https://getcomposer.org/doc/01-basic-usage.md#installing-dependencies",
        "This file is @generated automatically"
    ],
    "content-hash": "c6368cd25934407125ecd5c3253f2ff5",
    "packages": [
        {
            "name": "nette/php-generator",
            "version": "v3.5.x-dev",
            "source": {
                "type": "git",
                "url": "https://github.com/nette/php-generator.git",
                "reference": "36fc0ff9c68705c4f80a9a7d28b20f6d7a9a3c89"
            },
            "dist": {
                "type": "zip",
                "url": "https://api.github.com/repos/nette/php-generator/zipball/36fc0ff9c68705c4f80a9a7d28b20f6d7a9a3c89",
                "reference": "36fc0ff9c68705c4f80a9a7d28b20f6d7a9a3c89",
                "shasum": ""
            },
            "require": {
                "nette/utils": "^3.1.2",
                "php": ">=7.1"
            },
            "require-dev": {
                "nette/tester": "^2.0",
                "nikic/php-parser": "^4.4",
                "phpstan/phpstan": "^0.12",
                "tracy/tracy": "^2.3"
            },
            "suggest": {
                "nikic/php-parser": "to use ClassType::withBodiesFrom() & GlobalFunction::withBodyFrom()"
            },
            "type": "library",
            "extra": {
                "branch-alias": {
                    "dev-master": "3.5-dev"
                }
            },
            "autoload": {
                "classmap": [
                    "src/"
                ]
            },
            "notification-url": "https://packagist.org/downloads/",
            "license": [
                "BSD-3-Clause",
                "GPL-2.0-only",
                "GPL-3.0-only"
            ],
            "authors": [
                {
                    "name": "David Grudl",
                    "homepage": "https://davidgrudl.com"
                },
                {
                    "name": "Nette Community",
                    "homepage": "https://nette.org/contributors"
                }
            ],
            "description": "🐘 Nette PHP Generator: generates neat PHP code for you. Supports new PHP 8.0 features.",
            "homepage": "https://nette.org",
            "keywords": [
                "code",
                "nette",
                "php",
                "scaffolding"
            ],
            "support": {
                "issues": "https://github.com/nette/php-generator/issues",
                "source": "https://github.com/nette/php-generator/tree/v3.5"
            },
            "time": "2021-03-01T16:29:25+00:00"
        },
        {
            "name": "nette/utils",
            "version": "v3.2.x-dev",
            "source": {
                "type": "git",
                "url": "https://github.com/nette/utils.git",
                "reference": "7b2050bc28a268e3a0dd9a0b9a80fff1ba5b4cb0"
            },
            "dist": {
                "type": "zip",
                "url": "https://api.github.com/repos/nette/utils/zipball/7b2050bc28a268e3a0dd9a0b9a80fff1ba5b4cb0",
                "reference": "7b2050bc28a268e3a0dd9a0b9a80fff1ba5b4cb0",
                "shasum": ""
            },
            "require": {
                "php": ">=7.2 <8.1"
            },
            "conflict": {
                "nette/di": "<3.0.6"
            },
            "require-dev": {
                "nette/tester": "~2.0",
                "phpstan/phpstan": "^0.12",
                "tracy/tracy": "^2.3"
            },
            "suggest": {
                "ext-gd": "to use Image",
                "ext-iconv": "to use Strings::webalize(), toAscii(), chr() and reverse()",
                "ext-intl": "to use Strings::webalize(), toAscii(), normalize() and compare()",
                "ext-json": "to use Nette\\Utils\\Json",
                "ext-mbstring": "to use Strings::lower() etc...",
                "ext-tokenizer": "to use Nette\\Utils\\Reflection::getUseStatements()",
                "ext-xml": "to use Strings::length() etc. when mbstring is not available"
            },
            "type": "library",
            "extra": {
                "branch-alias": {
                    "dev-master": "3.2-dev"
                }
            },
            "autoload": {
                "classmap": [
                    "src/"
                ]
            },
            "notification-url": "https://packagist.org/downloads/",
            "license": [
                "BSD-3-Clause",
                "GPL-2.0-only",
                "GPL-3.0-only"
            ],
            "authors": [
                {
                    "name": "David Grudl",
                    "homepage": "https://davidgrudl.com"
                },
                {
                    "name": "Nette Community",
                    "homepage": "https://nette.org/contributors"
                }
            ],
            "description": "🛠  Nette Utils: lightweight utilities for string & array manipulation, image handling, safe JSON encoding/decoding, validation, slug or strong password generating etc.",
            "homepage": "https://nette.org",
            "keywords": [
                "array",
                "core",
                "datetime",
                "images",
                "json",
                "nette",
                "paginator",
                "password",
                "slugify",
                "string",
                "unicode",
                "utf-8",
                "utility",
                "validation"
            ],
            "support": {
                "issues": "https://github.com/nette/utils/issues",
                "source": "https://github.com/nette/utils/tree/v3.2"
            },
            "time": "2021-03-01T20:43:41+00:00"
        },
        {
            "name": "nwidart/laravel-modules",
            "version": "8.2.0",
            "source": {
                "type": "git",
                "url": "https://github.com/nWidart/laravel-modules.git",
                "reference": "6ade5ec19e81a0e4807834886a2c47509d069cb7"
            },
            "dist": {
                "type": "zip",
                "url": "https://api.github.com/repos/nWidart/laravel-modules/zipball/6ade5ec19e81a0e4807834886a2c47509d069cb7",
                "reference": "6ade5ec19e81a0e4807834886a2c47509d069cb7",
                "shasum": ""
            },
            "require": {
                "ext-json": "*",
                "php": ">=7.3"
            },
            "require-dev": {
                "friendsofphp/php-cs-fixer": "^2.16",
                "laravel/framework": "^8.0",
                "mockery/mockery": "~1.0",
                "orchestra/testbench": "^6.2",
                "phpstan/phpstan": "^0.12.14",
                "phpunit/phpunit": "^8.5",
                "spatie/phpunit-snapshot-assertions": "^2.1.0"
            },
            "type": "library",
            "extra": {
                "laravel": {
                    "providers": [
                        "Nwidart\\Modules\\LaravelModulesServiceProvider"
                    ],
                    "aliases": {
                        "Module": "Nwidart\\Modules\\Facades\\Module"
                    }
                },
                "branch-alias": {
                    "dev-master": "8.0-dev"
                }
            },
            "autoload": {
                "psr-4": {
                    "Nwidart\\Modules\\": "src"
                },
                "files": [
                    "src/helpers.php"
                ]
            },
            "notification-url": "https://packagist.org/downloads/",
            "license": [
                "MIT"
            ],
            "authors": [
                {
                    "name": "Nicolas Widart",
                    "email": "n.widart@gmail.com",
                    "homepage": "https://nicolaswidart.com",
                    "role": "Developer"
                }
            ],
            "description": "Laravel Module management",
            "keywords": [
                "laravel",
                "module",
                "modules",
                "nwidart",
                "rad"
            ],
            "support": {
                "issues": "https://github.com/nWidart/laravel-modules/issues",
                "source": "https://github.com/nWidart/laravel-modules/tree/8.2.0"
            },
            "funding": [
                {
                    "url": "https://github.com/nwidart",
                    "type": "github"
                }
            ],
            "time": "2020-11-11T09:24:22+00:00"
        }
    ],
    "packages-dev": [],
    "aliases": [],
    "minimum-stability": "dev",
    "stability-flags": {
        "nette/php-generator": 20
    },
    "prefer-stable": false,
    "prefer-lowest": false,
    "platform": [],
    "platform-dev": [],
    "plugin-api-version": "2.0.0"
}
